
Microsoft Visual Studio Solution File, Format Version 12.00
# Visual Studio Version 17
VisualStudioVersion = 17.6.33829.357
MinimumVisualStudioVersion = 10.0.40219.1
Project("{FAE04EC0-301F-11D3-BF4B-00C04F79EFBC}") = "B2CLibrary", "B2CLibrary.csproj", "{C9BEEB86-EE1E-4074-8D2C-6FF9B9052F00}"
EndProject
Global
	GlobalSection(SolutionConfigurationPlatforms) = preSolution
		Debug|Any CPU = Debug|Any CPU
		Release|Any CPU = Release|Any CPU
	EndGlobalSection
	GlobalSection(ProjectConfigurationPlatforms) = postSolution
		{C9BEEB86-EE1E-4074-8D2C-6FF9B9052F00}.Debug|Any CPU.ActiveCfg = Debug|Any CPU
		{C9BEEB86-EE1E-4074-8D2C-6FF9B9052F00}.Debug|Any CPU.Build.0 = Debug|Any CPU
		{C9BEEB86-EE1E-4074-8D2C-6FF9B9052F00}.Release|Any CPU.ActiveCfg = Release|Any CPU
		{C9BEEB86-EE1E-4074-8D2C-6FF9B9052F00}.Release|Any CPU.Build.0 = Release|Any CPU
	EndGlobalSection
	GlobalSection(SolutionProperties) = preSolution
		HideSolutionNode = FALSE
	EndGlobalSection
	GlobalSection(ExtensibilityGlobals) = postSolution
		SolutionGuid = {A55CB9BF-4A5C-4CB0-8660-589FF5349C1F}
	EndGlobalSection
EndGlobal
